
Microsoft Visual Studio Solution File, Format Version 12.00
# Visual Studio Version 17
VisualStudioVersion = 17.3.32819.101
MinimumVisualStudioVersion = 10.0.40219.1
Project("{FAE04EC0-301F-11D3-BF4B-00C04F79EFBC}") = "YXBPictureViewer", "YXBPictureViewer\YXBPictureViewer.csproj", "{AE6D8BCC-BA95-4D47-A7CB-F2A481FE636B}"
EndProject
Global
	GlobalSection(SolutionConfigurationPlatforms) = preSolution
		Debug|Any CPU = Debug|Any CPU
		Release|Any CPU = Release|Any CPU
	EndGlobalSection
	GlobalSection(ProjectConfigurationPlatforms) = postSolution
		{AE6D8BCC-BA95-4D47-A7CB-F2A481FE636B}.Debug|Any CPU.ActiveCfg = Debug|Any CPU
		{AE6D8BCC-BA95-4D47-A7CB-F2A481FE636B}.Debug|Any CPU.Build.0 = Debug|Any CPU
		{AE6D8BCC-BA95-4D47-A7CB-F2A481FE636B}.Release|Any CPU.ActiveCfg = Release|Any CPU
		{AE6D8BCC-BA95-4D47-A7CB-F2A481FE636B}.Release|Any CPU.Build.0 = Release|Any CPU
	EndGlobalSection
	GlobalSection(SolutionProperties) = preSolution
		HideSolutionNode = FALSE
	EndGlobalSection
	GlobalSection(ExtensibilityGlobals) = postSolution
		SolutionGuid = {5B4C7EE2-5B49-4A76-A63F-7D1539D16018}
	EndGlobalSection
EndGlobal
